<?xml version="1.0" encoding="utf-8"?>
<Project ToolsVersion="4.0" xmlns="http://schemas.microsoft.com/developer/msbuild/2003">
  <ItemGroup>
    <Filter Include="Исходные файлы">
      <UniqueIdentifier>{4FC737F1-C7A5-4376-A066-2A32D752A2FF}</UniqueIdentifier>
      <Extensions>cpp;c;cc;cxx;c++;cppm;ixx;def;odl;idl;hpj;bat;asm;asmx</Extensions>
    </Filter>
    <Filter Include="Файлы заголовков">
      <UniqueIdentifier>{93995380-89BD-4b04-88EB-625FBE52EBFB}</UniqueIdentifier>
      <Extensions>h;hh;hpp;hxx;h++;hm;inl;inc;ipp;xsd</Extensions>
    </Filter>
    <Filter Include="Файлы ресурсов">
      <UniqueIdentifier>{67DA6AB6-F800-4c08-8B7A-83BB121AAD01}</UniqueIdentifier>
      <Extensions>rc;ico;cur;bmp;dlg;rc2;rct;bin;rgs;gif;jpg;jpeg;jpe;resx;tiff;tif;png;wav;mfcribbon-ms</Extensions>
    </Filter>
    <Filter Include="Исходные файлы\Map">
      <UniqueIdentifier>{3de6bca0-7e32-4a11-a132-d77bfaf2da20}</UniqueIdentifier>
    </Filter>
    <Filter Include="Исходные файлы\Unit">
      <UniqueIdentifier>{f7ab347e-a83e-4652-b5b9-a077f803d489}</UniqueIdentifier>
    </Filter>
    <Filter Include="Исходные файлы\posittion">
      <UniqueIdentifier>{57354eb0-5f4d-4428-b8e7-41e3f5ed6df9}</UniqueIdentifier>
    </Filter>
    <Filter Include="Исходные файлы\Weapon">
      <UniqueIdentifier>{10018c66-a7cb-425f-addd-aed1d6fff26f}</UniqueIdentifier>
    </Filter>
  </ItemGroup>
  <ItemGroup>
    <ClCompile Include="Main.cpp">
      <Filter>Исходные файлы</Filter>
    </ClCompile>
    <ClCompile Include="weapon.cpp">
      <Filter>Исходные файлы\Weapon</Filter>
    </ClCompile>
    <ClCompile Include="Armor.cpp">
      <Filter>Исходные файлы</Filter>
    </ClCompile>
    <ClCompile Include="Unit.cpp">
      <Filter>Исходные файлы</Filter>
    </ClCompile>
    <ClCompile Include="potion.cpp">
      <Filter>Исходные файлы</Filter>
    </ClCompile>
    <ClCompile Include="Inventors.cpp">
      <Filter>Исходные файлы</Filter>
    </ClCompile>
    <ClCompile Include="Mapp.cpp">
      <Filter>Исходные файлы</Filter>
    </ClCompile>
    <ClCompile Include="stamina_pot.cpp">
      <Filter>Исходные файлы</Filter>
    </ClCompile>
    <ClCompile Include="cheast.cpp">
      <Filter>Исходные файлы</Filter>
    </ClCompile>
    <ClCompile Include="position.cpp">
      <Filter>Исходные файлы</Filter>
    </ClCompile>
    <ClCompile Include="input_manager.cpp">
      <Filter>Исходные файлы</Filter>
    </ClCompile>
  </ItemGroup>
  <ItemGroup>
    <ClInclude Include="weapon.h">
      <Filter>Исходные файлы\Weapon</Filter>
    </ClInclude>
    <ClInclude Include="Armor.h">
      <Filter>Файлы заголовков</Filter>
    </ClInclude>
    <ClInclude Include="Unit.h">
      <Filter>Файлы заголовков</Filter>
    </ClInclude>
    <ClInclude Include="potion.h">
      <Filter>Файлы заголовков</Filter>
    </ClInclude>
    <ClInclude Include="Inventors.h">
      <Filter>Файлы заголовков</Filter>
    </ClInclude>
    <ClInclude Include="Mapp.h">
      <Filter>Файлы заголовков</Filter>
    </ClInclude>
    <ClInclude Include="stamina_pot.h">
      <Filter>Файлы заголовков</Filter>
    </ClInclude>
    <ClInclude Include="cheast.h">
      <Filter>Файлы заголовков</Filter>
    </ClInclude>
    <ClInclude Include="position.h">
      <Filter>Файлы заголовков</Filter>
    </ClInclude>
    <ClInclude Include="input_manager.h">
      <Filter>Файлы заголовков</Filter>
    </ClInclude>
  </ItemGroup>
</Project>